
Microsoft Visual Studio Solution File, Format Version 12.00
# Visual Studio Version 17
VisualStudioVersion = 17.6.33829.357
MinimumVisualStudioVersion = 10.0.40219.1
Project("{FAE04EC0-301F-11D3-BF4B-00C04F79EFBC}") = "Aula14Objetos", "Aula14Objetos\Aula14Objetos.csproj", "{99E157CF-6D94-4582-9A6B-92A4104B61E4}"
EndProject
Global
	GlobalSection(SolutionConfigurationPlatforms) = preSolution
		Debug|Any CPU = Debug|Any CPU
		Release|Any CPU = Release|Any CPU
	EndGlobalSection
	GlobalSection(ProjectConfigurationPlatforms) = postSolution
		{99E157CF-6D94-4582-9A6B-92A4104B61E4}.Debug|Any CPU.ActiveCfg = Debug|Any CPU
		{99E157CF-6D94-4582-9A6B-92A4104B61E4}.Debug|Any CPU.Build.0 = Debug|Any CPU
		{99E157CF-6D94-4582-9A6B-92A4104B61E4}.Release|Any CPU.ActiveCfg = Release|Any CPU
		{99E157CF-6D94-4582-9A6B-92A4104B61E4}.Release|Any CPU.Build.0 = Release|Any CPU
	EndGlobalSection
	GlobalSection(SolutionProperties) = preSolution
		HideSolutionNode = FALSE
	EndGlobalSection
	GlobalSection(ExtensibilityGlobals) = postSolution
		SolutionGuid = {725DA6ED-B883-475A-ACDE-AC268FE9CA0A}
	EndGlobalSection
EndGlobal
